PODS:
  - Lady (0.2.1)
  - Picasso (0.3)

DEPENDENCIES:
  - Lady (from `https://github.com/Limon-O-O/Lady.git`, branch `swift3`)
  - Picasso (from `https://github.com/Limon-O-O/Picasso.git`, branch `swift3`)

EXTERNAL SOURCES:
  Lady:
    :branch: swift3
    :git: https://github.com/Limon-O-O/Lady.git
  Picasso:
    :branch: swift3
    :git: https://github.com/Limon-O-O/Picasso.git

CHECKOUT OPTIONS:
  Lady:
    :commit: c64555e98ba9e577e1b72b8c3f5732da4c9896b9
    :git: https://github.com/Limon-O-O/Lady.git
  Picasso:
    :commit: fe760336110016184e1fd102ec02fe2db2ea1720
    :git: https://github.com/Limon-O-O/Picasso.git

SPEC CHECKSUMS:
  Lady: 91a4b33663356b7085031dffbcc3e442da371b57
  Picasso: 10b1bccdc2b431d9550bb03ecfd4996ce4bdd193

PODFILE CHECKSUM: ba1dfee9dc21072f027a710263bdeba08f3664c0

COCOAPODS: 1.0.1
